
Microsoft Visual Studio Solution File, Format Version 12.00
# Visual Studio Version 16
VisualStudioVersion = 16.0.31515.178
MinimumVisualStudioVersion = 10.0.40219.1
Project("{FAE04EC0-301F-11D3-BF4B-00C04F79EFBC}") = "RazorPages21", "RazorPages21\RazorPages21.csproj", "{C6332FE8-BF19-4A75-B0F0-9E6B7E85C153}"
EndProject
Global
	GlobalSection(SolutionConfigurationPlatforms) = preSolution
		Debug|Any CPU = Debug|Any CPU
		Release|Any CPU = Release|Any CPU
	EndGlobalSection
	GlobalSection(ProjectConfigurationPlatforms) = postSolution
		{C6332FE8-BF19-4A75-B0F0-9E6B7E85C153}.Debug|Any CPU.ActiveCfg = Debug|Any CPU
		{C6332FE8-BF19-4A75-B0F0-9E6B7E85C153}.Debug|Any CPU.Build.0 = Debug|Any CPU
		{C6332FE8-BF19-4A75-B0F0-9E6B7E85C153}.Release|Any CPU.ActiveCfg = Release|Any CPU
		{C6332FE8-BF19-4A75-B0F0-9E6B7E85C153}.Release|Any CPU.Build.0 = Release|Any CPU
	EndGlobalSection
	GlobalSection(SolutionProperties) = preSolution
		HideSolutionNode = FALSE
	EndGlobalSection
	GlobalSection(ExtensibilityGlobals) = postSolution
		SolutionGuid = {AF9AC0CF-DF3B-4BEE-8424-0426E8B86304}
	EndGlobalSection
EndGlobal
